
Microsoft Visual Studio Solution File, Format Version 12.00
# Visual Studio Version 16
VisualStudioVersion = 25.0.1705.7
MinimumVisualStudioVersion = 10.0.40219.1
Project("{FAE04EC0-301F-11D3-BF4B-00C04F79EFBC}") = "MyWebApi.WebApp", "MyWebApi.WebApp\MyWebApi.WebApp.csproj", "{CDBFBA05-08FB-4583-8F57-AA164E283F88}"
EndProject
Project("{FAE04EC0-301F-11D3-BF4B-00C04F79EFBC}") = "MyWebApi.Application", "MyWebApi.Application\MyWebApi.Application.csproj", "{D9F04D6D-7549-4650-B0E7-03FDA841C577}"
EndProject
Project("{FAE04EC0-301F-11D3-BF4B-00C04F79EFBC}") = "MyWebApi.Infra", "MyWebApi.Infra\MyWebApi.Infra.csproj", "{5D32EA9C-10AE-4AA5-AF0C-02FF0EBEA7B1}"
EndProject
Global
	GlobalSection(SolutionConfigurationPlatforms) = preSolution
		Debug|Any CPU = Debug|Any CPU
		Release|Any CPU = Release|Any CPU
	EndGlobalSection
	GlobalSection(ProjectConfigurationPlatforms) = postSolution
		{CDBFBA05-08FB-4583-8F57-AA164E283F88}.Debug|Any CPU.ActiveCfg = Debug|Any CPU
		{CDBFBA05-08FB-4583-8F57-AA164E283F88}.Debug|Any CPU.Build.0 = Debug|Any CPU
		{CDBFBA05-08FB-4583-8F57-AA164E283F88}.Release|Any CPU.ActiveCfg = Release|Any CPU
		{CDBFBA05-08FB-4583-8F57-AA164E283F88}.Release|Any CPU.Build.0 = Release|Any CPU
		{D9F04D6D-7549-4650-B0E7-03FDA841C577}.Debug|Any CPU.ActiveCfg = Debug|Any CPU
		{D9F04D6D-7549-4650-B0E7-03FDA841C577}.Debug|Any CPU.Build.0 = Debug|Any CPU
		{D9F04D6D-7549-4650-B0E7-03FDA841C577}.Release|Any CPU.ActiveCfg = Release|Any CPU
		{D9F04D6D-7549-4650-B0E7-03FDA841C577}.Release|Any CPU.Build.0 = Release|Any CPU
		{5D32EA9C-10AE-4AA5-AF0C-02FF0EBEA7B1}.Debug|Any CPU.ActiveCfg = Debug|Any CPU
		{5D32EA9C-10AE-4AA5-AF0C-02FF0EBEA7B1}.Debug|Any CPU.Build.0 = Debug|Any CPU
		{5D32EA9C-10AE-4AA5-AF0C-02FF0EBEA7B1}.Release|Any CPU.ActiveCfg = Release|Any CPU
		{5D32EA9C-10AE-4AA5-AF0C-02FF0EBEA7B1}.Release|Any CPU.Build.0 = Release|Any CPU
	EndGlobalSection
	GlobalSection(SolutionProperties) = preSolution
		HideSolutionNode = FALSE
	EndGlobalSection
	GlobalSection(ExtensibilityGlobals) = postSolution
		SolutionGuid = {33E27660-C108-41D1-8245-357730EDE8A4}
	EndGlobalSection
EndGlobal
